
Microsoft Visual Studio Solution File, Format Version 12.00
# Visual Studio 15
VisualStudioVersion = 15.0.28307.1209
MinimumVisualStudioVersion = 10.0.40219.1
Project("{8BC9CEB8-8B4A-11D0-8D11-00A0C91BC942}") = "Project3", "Project3\Project3.vcxproj", "{CE0386A0-1963-4844-A304-B7361C9E2625}"
EndProject
Global
	GlobalSection(SolutionConfigurationPlatforms) = preSolution
		Debug|x64 = Debug|x64
		Debug|x86 = Debug|x86
		Release|x64 = Release|x64
		Release|x86 = Release|x86
	EndGlobalSection
	GlobalSection(ProjectConfigurationPlatforms) = postSolution
		{CE0386A0-1963-4844-A304-B7361C9E2625}.Debug|x64.ActiveCfg = Debug|x64
		{CE0386A0-1963-4844-A304-B7361C9E2625}.Debug|x64.Build.0 = Debug|x64
		{CE0386A0-1963-4844-A304-B7361C9E2625}.Debug|x86.ActiveCfg = Debug|Win32
		{CE0386A0-1963-4844-A304-B7361C9E2625}.Debug|x86.Build.0 = Debug|Win32
		{CE0386A0-1963-4844-A304-B7361C9E2625}.Release|x64.ActiveCfg = Release|x64
		{CE0386A0-1963-4844-A304-B7361C9E2625}.Release|x64.Build.0 = Release|x64
		{CE0386A0-1963-4844-A304-B7361C9E2625}.Release|x86.ActiveCfg = Release|Win32
		{CE0386A0-1963-4844-A304-B7361C9E2625}.Release|x86.Build.0 = Release|Win32
	EndGlobalSection
	GlobalSection(SolutionProperties) = preSolution
		HideSolutionNode = FALSE
	EndGlobalSection
	GlobalSection(ExtensibilityGlobals) = postSolution
		SolutionGuid = {FFC8B7AB-D98F-4170-8484-66E287045626}
	EndGlobalSection
EndGlobal
